<?xml version="1.0" encoding="UTF-8" standalone="yes" ?>
<CodeBlocks_project_file>
	<FileVersion major="1" minor="6" />
	<Project>
		<Option title="MCMC_IN_CODEBLOCKs" />
		<Option pch_mode="2" />
		<Option compiler="gfortran" />
		<Build>
			<Target title="Debug">
				<Option output="bin/Debug/MCMC_IN_CODEBLOCKs" prefix_auto="1" extension_auto="1" />
				<Option object_output="obj/Debug/" />
				<Option type="1" />
				<Option compiler="gnu_fortran_compiler_mpi" />
				<Compiler>
					<Add option="-fcheck=bounds" />
					<Add option="-g" />
				</Compiler>
			</Target>
			<Target title="Release">
				<Option output="bin/Release/MCMC_IN_CODEBLOCKs" prefix_auto="1" extension_auto="1" />
				<Option object_output="obj/Release/" />
				<Option type="1" />
				<Option compiler="gnu_fortran_compiler_mpi" />
				<Compiler>
					<Add option="-O2" />
				</Compiler>
				<Linker>
					<Add option="-s" />
				</Linker>
			</Target>
		</Build>
		<Compiler>
			<Add option="-Wall" />
		</Compiler>
		<Unit filename="Main_Code.F90" />
		<Unit filename="OpenAnalysis.f90" />
		<Unit filename="SZ_effect.f90" />
		<Unit filename="SetFunctionH2.f90" />
		<Unit filename="SetFunctionHD.f90" />
		<Unit filename="SetFunction_CI.f90" />
		<Unit filename="SetFunction_CO.f90" />
		<Unit filename="SetFunction_HD.f90" />
		<Unit filename="additional.f90" />
		<Unit filename="emcee_module.f90" />
		<Unit filename="main.f90" />
		<Unit filename="mcmc.F90" />
		<Unit filename="modules.f90" />
		<Unit filename="plot_figure.f90" />
		<Unit filename="uv_intensity.f90" />
		<Extensions />
	</Project>
</CodeBlocks_project_file>
